
Microsoft Visual Studio Solution File, Format Version 12.00
# Visual Studio Version 17
VisualStudioVersion = 17.0.31903.59
MinimumVisualStudioVersion = 10.0.40219.1
Project("{FAE04EC0-301F-11D3-BF4B-00C04F79EFBC}") = "website.Server", "website.Server\website.Server.csproj", "{D499EDE9-F681-41CC-BC19-50C1871F5968}"
EndProject
Project("{54A90642-561A-4BB1-A94E-469ADEE60C69}") = "website.client", "website.client\website.client.esproj", "{A6B7608F-8448-432A-BDAD-6E6979C6386E}"
EndProject
Global
	GlobalSection(SolutionConfigurationPlatforms) = preSolution
		Debug|Any CPU = Debug|Any CPU
		Debug|x64 = Debug|x64
		Debug|x86 = Debug|x86
		Release|Any CPU = Release|Any CPU
		Release|x64 = Release|x64
		Release|x86 = Release|x86
	EndGlobalSection
	GlobalSection(ProjectConfigurationPlatforms) = postSolution
		{D499EDE9-F681-41CC-BC19-50C1871F5968}.Debug|Any CPU.ActiveCfg = Debug|Any CPU
		{D499EDE9-F681-41CC-BC19-50C1871F5968}.Debug|Any CPU.Build.0 = Debug|Any CPU
		{D499EDE9-F681-41CC-BC19-50C1871F5968}.Debug|x64.ActiveCfg = Debug|Any CPU
		{D499EDE9-F681-41CC-BC19-50C1871F5968}.Debug|x64.Build.0 = Debug|Any CPU
		{D499EDE9-F681-41CC-BC19-50C1871F5968}.Debug|x86.ActiveCfg = Debug|Any CPU
		{D499EDE9-F681-41CC-BC19-50C1871F5968}.Debug|x86.Build.0 = Debug|Any CPU
		{D499EDE9-F681-41CC-BC19-50C1871F5968}.Release|Any CPU.ActiveCfg = Release|Any CPU
		{D499EDE9-F681-41CC-BC19-50C1871F5968}.Release|Any CPU.Build.0 = Release|Any CPU
		{D499EDE9-F681-41CC-BC19-50C1871F5968}.Release|x64.ActiveCfg = Release|Any CPU
		{D499EDE9-F681-41CC-BC19-50C1871F5968}.Release|x64.Build.0 = Release|Any CPU
		{D499EDE9-F681-41CC-BC19-50C1871F5968}.Release|x86.ActiveCfg = Release|Any CPU
		{D499EDE9-F681-41CC-BC19-50C1871F5968}.Release|x86.Build.0 = Release|Any CPU
		{A6B7608F-8448-432A-BDAD-6E6979C6386E}.Debug|Any CPU.ActiveCfg = Debug|Any CPU
		{A6B7608F-8448-432A-BDAD-6E6979C6386E}.Debug|x64.ActiveCfg = Debug|Any CPU
		{A6B7608F-8448-432A-BDAD-6E6979C6386E}.Debug|x86.ActiveCfg = Debug|Any CPU
		{A6B7608F-8448-432A-BDAD-6E6979C6386E}.Release|Any CPU.ActiveCfg = Release|Any CPU
		{A6B7608F-8448-432A-BDAD-6E6979C6386E}.Release|x64.ActiveCfg = Release|Any CPU
		{A6B7608F-8448-432A-BDAD-6E6979C6386E}.Release|x86.ActiveCfg = Release|Any CPU
	EndGlobalSection
	GlobalSection(SolutionProperties) = preSolution
		HideSolutionNode = FALSE
	EndGlobalSection
EndGlobal
